{
    "_meta": {
        "hash": {
            "sha256": "274374b400aed53e11c29528e97d20330c1f377f9e77a5e62175eaeb9e3e4a63"
        },
        "pipfile-spec": 6,
        "requires": {
            "python_version": "3.10"
        },
        "sources": [
            {
                "name": "pypi",
                "url": "https://pypi.org/simple",
                "verify_ssl": true
            }
        ]
    },
    "default": {
        "asgiref": {
            "hashes": [
                "sha256:0b61526596219d70396548fc003635056856dba5d0d086f86476f10b33c75960",
                "sha256:a0249afacb66688ef258ffe503528360443e2b9a8d8c4581b6ebefa58c841ef1"
            ],
            "markers": "python_version >= '3.9'",
            "version": "==3.9.2"
        },
        "django": {
            "hashes": [
                "sha256:2391ab3d78191caaae2c963c19fd70b99e9751008da22a0adcc667c5a4f8d311",
                "sha256:9584cf26b174b35620e53c2558b09d7eb180a655a3470474f513ff9acb494f8c"
            ],
            "index": "pypi",
            "markers": "python_version >= '3.8'",
            "version": "==4.2.25"
        },
        "sqlparse": {
            "hashes": [
                "sha256:09f67787f56a0b16ecdbde1bfc7f5d9c3371ca683cfeaa8e6ff60b4807ec9272",
                "sha256:cf2196ed3418f3ba5de6af7e82c694a9fbdbfecccdfc72e281548517081f16ca"
            ],
            "markers": "python_version >= '3.8'",
            "version": "==0.5.3"
        },
        "typing-extensions": {
            "hashes": [
                "sha256:0cea48d173cc12fa28ecabc3b837ea3cf6f38c6d1136f85cbaaf598984861466",
                "sha256:f0fa19c6845758ab08074a0cfa8b7aecb71c999ca73d62883bc25cc018c4e548"
            ],
            "markers": "python_version >= '3.9'",
            "version": "==4.15.0"
        },
        "xlsxwriter": {
            "hashes": [
                "sha256:df0aefe5137478d206847eccf9f114715e42aaea077e6a48d0e8a2152e983010",
                "sha256:e89f4a1d2fa2c9ea15cde77de95cd3fd8b0345d0efb3964623f395c8c4988b7f"
            ],
            "index": "pypi",
            "version": "==3.0.3"
        }
    },
    "develop": {}
}
