{
    "_meta": {
        "hash": {
            "sha256": "274374b400aed53e11c29528e97d20330c1f377f9e77a5e62175eaeb9e3e4a63"
        },
        "pipfile-spec": 6,
        "requires": {
            "python_version": "3.10"
        },
        "sources": [
            {
                "name": "pypi",
                "url": "https://pypi.org/simple",
                "verify_ssl": true
            }
        ]
    },
    "default": {
        "asgiref": {
            "hashes": [
                "sha256:aef8a81283a34d0ab31630c9b7dfe70c812c95eba78171367ca8745e88124734",
                "sha256:d89f2d8cd8b56dada7d52fa7dc8075baa08fb836560710d38c292a7a3f78c04e"
            ],
            "markers": "python_version >= '3.9'",
            "version": "==3.10.0"
        },
        "django": {
            "hashes": [
                "sha256:9398e487bcb55e3f142cb56d19fbd9a83e15bb03a97edc31f408361ee76d9d7a",
                "sha256:c96e64fc3c359d051a6306871bd26243db1bd02317472a62ffdbe6c3cae14280"
            ],
            "index": "pypi",
            "markers": "python_version >= '3.8'",
            "version": "==4.2.26"
        },
        "sqlparse": {
            "hashes": [
                "sha256:09f67787f56a0b16ecdbde1bfc7f5d9c3371ca683cfeaa8e6ff60b4807ec9272",
                "sha256:cf2196ed3418f3ba5de6af7e82c694a9fbdbfecccdfc72e281548517081f16ca"
            ],
            "markers": "python_version >= '3.8'",
            "version": "==0.5.3"
        },
        "typing-extensions": {
            "hashes": [
                "sha256:0cea48d173cc12fa28ecabc3b837ea3cf6f38c6d1136f85cbaaf598984861466",
                "sha256:f0fa19c6845758ab08074a0cfa8b7aecb71c999ca73d62883bc25cc018c4e548"
            ],
            "markers": "python_version >= '3.9'",
            "version": "==4.15.0"
        },
        "xlsxwriter": {
            "hashes": [
                "sha256:df0aefe5137478d206847eccf9f114715e42aaea077e6a48d0e8a2152e983010",
                "sha256:e89f4a1d2fa2c9ea15cde77de95cd3fd8b0345d0efb3964623f395c8c4988b7f"
            ],
            "index": "pypi",
            "version": "==3.0.3"
        }
    },
    "develop": {}
}
